
Microsoft Visual Studio Solution File, Format Version 12.00
# Visual Studio Version 17
VisualStudioVersion = 17.8.34330.188
MinimumVisualStudioVersion = 10.0.40219.1
Project("{FAE04EC0-301F-11D3-BF4B-00C04F79EFBC}") = "21dec", "21dec\21dec.csproj", "{A9B2C2E7-D659-4040-8430-A124AB3E3AB4}"
EndProject
Global
	GlobalSection(SolutionConfigurationPlatforms) = preSolution
		Debug|Any CPU = Debug|Any CPU
		Release|Any CPU = Release|Any CPU
	EndGlobalSection
	GlobalSection(ProjectConfigurationPlatforms) = postSolution
		{A9B2C2E7-D659-4040-8430-A124AB3E3AB4}.Debug|Any CPU.ActiveCfg = Debug|Any CPU
		{A9B2C2E7-D659-4040-8430-A124AB3E3AB4}.Debug|Any CPU.Build.0 = Debug|Any CPU
		{A9B2C2E7-D659-4040-8430-A124AB3E3AB4}.Release|Any CPU.ActiveCfg = Release|Any CPU
		{A9B2C2E7-D659-4040-8430-A124AB3E3AB4}.Release|Any CPU.Build.0 = Release|Any CPU
	EndGlobalSection
	GlobalSection(SolutionProperties) = preSolution
		HideSolutionNode = FALSE
	EndGlobalSection
	GlobalSection(ExtensibilityGlobals) = postSolution
		SolutionGuid = {736CA7C5-3F06-4DA7-B7AA-10126D3EC6BC}
	EndGlobalSection
EndGlobal
